# generated by rye
# use `rye lock` or `rye sync` to update this lockfile
#
# last locked with the following flags:
#   pre: false
#   features: []
#   all-features: false
#   with-sources: false

-e file:.
absl-py==2.1.0
    # via gemini
    # via tensorboard
annotated-types==0.7.0
    # via gemini
    # via pydantic
anyio==4.4.0
    # via gemini
    # via httpx
    # via starlette
    # via watchfiles
black==24.8.0
    # via gemini
boto3==1.34.143
    # via gemini
    # via yolov5
botocore==1.34.143
    # via boto3
    # via gemini
    # via s3transfer
certifi==2024.6.2
    # via gemini
    # via httpcore
    # via httpx
    # via requests
    # via roboflow
chardet==4.0.0
    # via gemini
    # via roboflow
charset-normalizer==3.3.2
    # via gemini
    # via requests
click==8.1.7
    # via black
    # via gemini
    # via sahi
    # via typer
    # via uvicorn
colorama==0.4.6
    # via click
    # via gemini
    # via tqdm
    # via uvicorn
contourpy==1.2.1
    # via gemini
    # via matplotlib
cycler==0.12.1
    # via gemini
    # via matplotlib
    # via roboflow
dnspython==2.6.1
    # via email-validator
    # via gemini
email-validator==2.2.0
    # via fastapi
    # via gemini
fastapi==0.111.0
    # via gemini
fastapi-cli==0.0.4
    # via fastapi
    # via gemini
filelock==3.14.0
    # via gemini
    # via huggingface-hub
    # via torch
fire==0.5.0
    # via gemini
    # via sahi
    # via simple-lama-inpainting
    # via yolov5
fonttools==4.53.0
    # via gemini
    # via matplotlib
fsspec==2024.6.0
    # via gemini
    # via huggingface-hub
    # via torch
gitdb==4.0.11
    # via gemini
    # via gitpython
gitpython==3.1.43
    # via gemini
    # via yolov5
grpcio==1.64.1
    # via gemini
    # via tensorboard
h11==0.14.0
    # via gemini
    # via httpcore
    # via uvicorn
httpcore==1.0.5
    # via gemini
    # via httpx
httptools==0.6.1
    # via gemini
    # via uvicorn
httpx==0.27.0
    # via fastapi
    # via gemini
huggingface-hub==0.23.4
    # via gemini
    # via yolov5
idna==3.7
    # via anyio
    # via email-validator
    # via gemini
    # via httpx
    # via requests
    # via roboflow
imageio==2.34.1
    # via gemini
    # via scikit-image
imgsim==0.1.2
    # via gemini
intel-openmp==2021.4.0
    # via gemini
    # via mkl
jinja2==3.1.4
    # via fastapi
    # via gemini
    # via torch
jmespath==1.0.1
    # via boto3
    # via botocore
    # via gemini
kiwisolver==1.4.5
    # via gemini
    # via matplotlib
    # via roboflow
lama==0.1
    # via gemini
lazy-loader==0.4
    # via gemini
    # via scikit-image
lpips==0.1.4
    # via gemini
markdown==3.6
    # via gemini
    # via tensorboard
markdown-it-py==3.0.0
    # via gemini
    # via rich
markupsafe==2.1.5
    # via gemini
    # via jinja2
    # via werkzeug
matplotlib==3.9.0
    # via gemini
    # via roboflow
    # via seaborn
    # via ultralytics
    # via yolov5
mdurl==0.1.2
    # via gemini
    # via markdown-it-py
mkl==2021.4.0
    # via gemini
    # via torch
mpmath==1.3.0
    # via gemini
    # via sympy
mypy-extensions==1.0.0
    # via black
networkx==3.3
    # via gemini
    # via scikit-image
    # via torch
numpy==1.26.4
    # via contourpy
    # via gemini
    # via imageio
    # via imgsim
    # via lpips
    # via matplotlib
    # via opencv-python
    # via opencv-python-headless
    # via pandas
    # via pybboxes
    # via roboflow
    # via sahi
    # via scikit-image
    # via scipy
    # via seaborn
    # via shapely
    # via simple-lama-inpainting
    # via tensorboard
    # via tifffile
    # via torchvision
    # via ultralytics
    # via ultralytics-thop
    # via yolov5
opencv-python==4.9.0.80
    # via gemini
    # via imgsim
    # via sahi
    # via simple-lama-inpainting
    # via ultralytics
    # via yolov5
opencv-python-headless==4.10.0.84
    # via gemini
    # via roboflow
orjson==3.10.5
    # via fastapi
    # via gemini
packaging==24.1
    # via black
    # via gemini
    # via huggingface-hub
    # via lazy-loader
    # via matplotlib
    # via scikit-image
pandas==2.2.2
    # via gemini
    # via seaborn
    # via ultralytics
    # via yolov5
pathspec==0.12.1
    # via black
pillow==9.5.0
    # via gemini
    # via imageio
    # via matplotlib
    # via roboflow
    # via sahi
    # via scikit-image
    # via simple-lama-inpainting
    # via torchvision
    # via ultralytics
    # via yolov5
platformdirs==4.2.2
    # via black
protobuf==4.25.3
    # via gemini
    # via tensorboard
psutil==6.0.0
    # via gemini
    # via ultralytics
    # via yolov5
py-cpuinfo==9.0.0
    # via gemini
    # via ultralytics
pybboxes==0.1.6
    # via gemini
    # via sahi
pydantic==2.7.4
    # via fastapi
    # via gemini
pydantic-core==2.18.4
    # via gemini
    # via pydantic
pygments==2.18.0
    # via gemini
    # via rich
pyparsing==3.1.2
    # via gemini
    # via matplotlib
python-dateutil==2.9.0.post0
    # via botocore
    # via gemini
    # via matplotlib
    # via pandas
    # via roboflow
python-dotenv==1.0.1
    # via gemini
    # via roboflow
    # via uvicorn
python-magic==0.4.27
    # via gemini
    # via roboflow
python-multipart==0.0.9
    # via fastapi
    # via gemini
pytz==2024.1
    # via gemini
    # via pandas
pyyaml==6.0.1
    # via gemini
    # via huggingface-hub
    # via roboflow
    # via sahi
    # via ultralytics
    # via uvicorn
    # via yolov5
requests==2.32.3
    # via gemini
    # via huggingface-hub
    # via lama
    # via requests-toolbelt
    # via roboflow
    # via sahi
    # via ultralytics
    # via yolov5
requests-toolbelt==1.0.0
    # via gemini
    # via roboflow
rich==13.7.1
    # via gemini
    # via typer
roboflow==1.1.34
    # via gemini
    # via yolov5
s3transfer==0.10.2
    # via boto3
    # via gemini
sahi==0.11.18
    # via gemini
    # via yolov5
scikit-image==0.23.2
    # via gemini
scipy==1.13.1
    # via gemini
    # via lpips
    # via scikit-image
    # via ultralytics
    # via yolov5
seaborn==0.13.2
    # via gemini
    # via ultralytics
    # via yolov5
setuptools==72.1.0
    # via tensorboard
    # via yolov5
shapely==2.0.4
    # via gemini
    # via sahi
shellingham==1.5.4
    # via gemini
    # via typer
simple-lama-inpainting==0.1.2
    # via gemini
six==1.16.0
    # via fire
    # via gemini
    # via python-dateutil
    # via roboflow
    # via tensorboard
smmap==5.0.1
    # via gemini
    # via gitdb
sniffio==1.3.1
    # via anyio
    # via gemini
    # via httpx
starlette==0.37.2
    # via fastapi
    # via gemini
sympy==1.12.1
    # via gemini
    # via torch
tbb==2021.12.0
    # via gemini
    # via mkl
tensorboard==2.17.0
    # via gemini
    # via yolov5
tensorboard-data-server==0.7.2
    # via gemini
    # via tensorboard
termcolor==2.4.0
    # via fire
    # via gemini
terminaltables==3.1.10
    # via gemini
    # via sahi
thop==0.1.1.post2209072238
    # via gemini
    # via yolov5
tifffile==2024.5.22
    # via gemini
    # via scikit-image
torch==2.3.1
    # via gemini
    # via imgsim
    # via lpips
    # via simple-lama-inpainting
    # via thop
    # via torchvision
    # via ultralytics
    # via ultralytics-thop
    # via yolov5
torchvision==0.18.1
    # via gemini
    # via lpips
    # via simple-lama-inpainting
    # via ultralytics
    # via yolov5
tqdm==4.66.4
    # via gemini
    # via huggingface-hub
    # via lpips
    # via roboflow
    # via sahi
    # via ultralytics
    # via yolov5
typer==0.12.3
    # via fastapi-cli
    # via gemini
typing-extensions==4.12.2
    # via fastapi
    # via gemini
    # via huggingface-hub
    # via pydantic
    # via pydantic-core
    # via torch
    # via typer
tzdata==2024.1
    # via gemini
    # via pandas
ujson==5.10.0
    # via fastapi
    # via gemini
ultralytics==8.2.50
    # via gemini
    # via yolov5
ultralytics-thop==2.0.0
    # via gemini
    # via ultralytics
urllib3==2.2.2
    # via botocore
    # via gemini
    # via requests
    # via roboflow
uvicorn==0.30.5
    # via fastapi
    # via gemini
watchfiles==0.22.0
    # via gemini
    # via uvicorn
websockets==12.0
    # via gemini
    # via uvicorn
werkzeug==3.0.3
    # via gemini
    # via tensorboard
yolov5==7.0.13
    # via gemini
    # via yolov9
yolov9==0.0.1
    # via gemini
